
Microsoft Visual Studio Solution File, Format Version 12.00
# Visual Studio Version 16
VisualStudioVersion = 16.0.31025.194
MinimumVisualStudioVersion = 10.0.40219.1
Project("{FAE04EC0-301F-11D3-BF4B-00C04F79EFBC}") = "PatientSky", "PatientSky\PatientSky.csproj", "{718017B0-0F8D-413B-A5E7-1757CF35A708}"
EndProject
Global
	GlobalSection(SolutionConfigurationPlatforms) = preSolution
		Debug|Any CPU = Debug|Any CPU
		Release|Any CPU = Release|Any CPU
	EndGlobalSection
	GlobalSection(ProjectConfigurationPlatforms) = postSolution
		{718017B0-0F8D-413B-A5E7-1757CF35A708}.Debug|Any CPU.ActiveCfg = Debug|Any CPU
		{718017B0-0F8D-413B-A5E7-1757CF35A708}.Debug|Any CPU.Build.0 = Debug|Any CPU
		{718017B0-0F8D-413B-A5E7-1757CF35A708}.Release|Any CPU.ActiveCfg = Release|Any CPU
		{718017B0-0F8D-413B-A5E7-1757CF35A708}.Release|Any CPU.Build.0 = Release|Any CPU
	EndGlobalSection
	GlobalSection(SolutionProperties) = preSolution
		HideSolutionNode = FALSE
	EndGlobalSection
	GlobalSection(ExtensibilityGlobals) = postSolution
		SolutionGuid = {E01E0B24-EFED-4C83-B873-42A47342B16D}
	EndGlobalSection
EndGlobal
